# This file is autogenerated, do not edit; changes may be undone by the next 'dep ensure'.


[[projects]]
  branch = "master"
  digest = "1:a48ba1520f9df14e32d4d31313fb9d4d809f9e813be781ab8d3253184af66a71"
  name = "github.com/agl/ed25519"
  packages = [
    ".",
    "edwards25519",
  ]
  pruneopts = "NT"
  revision = "5312a61534124124185d41f09206b9fef1d88403"

[[projects]]
  digest = "1:d54b845e98684fc00de7bb3d8ce4353f76c7e4c841ecef84a034d86b7f731300"
  name = "github.com/asaskevich/govalidator"
  packages = ["."]
  pruneopts = "NT"
  revision = "73945b6115bfbbcc57d89b7316e28109364124e1"
  version = "v7"

[[projects]]
  digest = "1:79838b22eaf01280066b3829e5afc1c6c431513b4e86814065ed257ec0de8f9b"
  name = "github.com/aws/aws-sdk-go"
  packages = [
    "aws",
    "aws/awserr",
    "aws/awsutil",
    "aws/client",
    "aws/client/metadata",
    "aws/corehandlers",
    "aws/credentials",
    "aws/credentials/ec2rolecreds",
    "aws/credentials/endpointcreds",
    "aws/credentials/stscreds",
    "aws/csm",
    "aws/defaults",
    "aws/ec2metadata",
    "aws/endpoints",
    "aws/request",
    "aws/session",
    "aws/signer/v4",
    "internal/sdkio",
    "internal/sdkrand",
    "internal/sdkuri",
    "internal/shareddefaults",
    "private/protocol",
    "private/protocol/eventstream",
    "private/protocol/eventstream/eventstreamapi",
    "private/protocol/query",
    "private/protocol/query/queryutil",
    "private/protocol/rest",
    "private/protocol/restxml",
    "private/protocol/xml/xmlutil",
    "service/s3",
    "service/sts",
  ]
  pruneopts = "NUT"
  revision = "8cf662a972fa7fba8f2c1ec57648cf840e2bb401"
  version = "v1.14.30"

[[projects]]
  digest = "1:9c10c434d26c3de9179e249b4bc0d02d7bc0b7366799696c424c1b05a433fd6f"
  name = "github.com/boombuler/barcode"
  packages = [
    ".",
    "qr",
    "utils",
  ]
  pruneopts = "NT"
  revision = "3cfea5ab600ae37946be2b763b8ec2c1cf2d272d"
  version = "v1.0.0"

[[projects]]
  digest = "1:58a206712eda43f336dca4e100732b5957d686f4b600ec0d7560b074d722cff5"
  name = "github.com/certifi/gocertifi"
  packages = ["."]
  pruneopts = "NT"
  revision = "a4ab0227d360091084658029ec8ae45f989fba3e"
  version = "2017.11.05"

[[projects]]
  digest = "1:bc4aca7160cb2b28276850ff96acabaf834402a7edcf59bf82c31fbe7916f906"
  name = "github.com/davecgh/go-spew"
  packages = ["spew"]
  pruneopts = "NT"
  revision = "346938d642f2ec3594ed81d874461961cd0faa76"
  version = "v1.1.0"

[[projects]]
  branch = "master"
  digest = "1:8fc9530c5636e8956803373de55408e94f748596629924ea8056b3835457a34e"
  name = "github.com/dukex/mixpanel"
  packages = ["."]
  pruneopts = "NT"
  revision = "53bfdf679eecb9731ac23f01a89d8a6904f09037"

[[projects]]
  branch = "master"
  digest = "1:8ee4ed93d1a8667720aae42a55724971750d3ef101ae12f13b2d19ae8228e050"
  name = "github.com/dustin/go-humanize"
  packages = ["."]
  pruneopts = "NT"
  revision = "9f541cc9db5d55bce703bd99987c9d5cb8eea45e"

[[projects]]
  digest = "1:364a00851282aeb2808445bdea3076882ee35885fc49406e6603d04d812c2e87"
  name = "github.com/evalphobia/logrus_sentry"
  packages = ["."]
  pruneopts = "NT"
  revision = "13ba9278e2adf1537fd94143a6b6a1c0dc008ac7"
  version = "v0.4.2"

[[projects]]
  digest = "1:c970218a20933dd0a2eb2006de922217fa9276f57d25009b2a934eb1c50031cc"
  name = "github.com/fsnotify/fsnotify"
  packages = ["."]
  pruneopts = "NT"
  revision = "629574ca2a5df945712d3079857300b5e4da0236"
  version = "v1.4.2"

[[projects]]
  branch = "master"
  digest = "1:2874f29cfcd943db28ca326492228bd8f44376809a5bd31400cbc177c2ac58e5"
  name = "github.com/getsentry/raven-go"
  packages = ["."]
  pruneopts = "NT"
  revision = "32a13797442ccb601b11761d74232773c1402d14"

[[projects]]
  branch = "master"
  digest = "1:ca1b151877ea1872c38475ecd169939fcb4e61fab381bb15548646f1a71241a6"
  name = "github.com/go-chi/chi"
  packages = [
    ".",
    "middleware",
  ]
  pruneopts = "NT"
  revision = "0c5e7abb4e562fa14dd2548cb57b28f979a7dcd9"

[[projects]]
  branch = "master"
  digest = "1:ea1d5bfdb4ec5c2ee48c97865e6de1a28fa8c4849a3f56b27d521aa619038e06"
  name = "github.com/go-errors/errors"
  packages = ["."]
  pruneopts = "NT"
  revision = "3afebba5a48dbc89b574d890b6b34d9ee10b4785"

[[projects]]
  digest = "1:0c0eac431b07bd0da31ef684aa15b5b5eeeda8a820f666e6523d2bfb8ce868c4"
  name = "github.com/go-ini/ini"
  packages = ["."]
  pruneopts = "NT"
  revision = "32e4c1e6bc4e7d0d8451aa6b75200d19e37a536a"
  version = "v1.32.0"

[[projects]]
  digest = "1:5d71b6bb65a07bb4636f35ab2996fe278b03f6d044edd40053df4d049dea633e"
  name = "github.com/go-ozzo/ozzo-validation"
  packages = [
    ".",
    "is",
  ]
  pruneopts = "NT"
  revision = "85dcd8368eba387e65a03488b003e233994e87e9"
  version = "v3.3"

[[projects]]
  digest = "1:7aee910356b9b3ae41dc05228d504947f734e58507e8fa0f233e101f27dbc682"
  name = "github.com/google/jsonapi"
  packages = ["."]
  pruneopts = "NT"
  revision = "46d3ced0434461be12e555852e2f1a9ed382e139"
  version = "1.0.0"

[[projects]]
  digest = "1:78da47c0faee112bc1c9964563fb94fca538907d652c6c8b457a6f327b0a9643"
  name = "github.com/guregu/null"
  packages = ["."]
  pruneopts = "NT"
  revision = "5d2d1e5a9e25088fb9cc0b0f7cb566250eb42bba"
  version = "v3.2.0"

[[projects]]
  branch = "master"
  digest = "1:d4295df11f67c89a9033b64fc022e8e7ea884e0bab21216ea00634c95d6ac16c"
  name = "github.com/hashicorp/hcl"
  packages = [
    ".",
    "hcl/ast",
    "hcl/parser",
    "hcl/scanner",
    "hcl/strconv",
    "hcl/token",
    "json/parser",
    "json/scanner",
    "json/token",
  ]
  pruneopts = "NT"
  revision = "23c074d0eceb2b8a5bfdbb271ab780cde70f05a8"

[[projects]]
  digest = "1:406338ad39ab2e37b7f4452906442a3dbf0eb3379dd1f06aafb5c07e769a5fbb"
  name = "github.com/inconshreveable/mousetrap"
  packages = ["."]
  pruneopts = "NT"
  revision = "76626ae9c91c4f2a10f34cad8ce83ea42c93bb75"
  version = "v1.0"

[[projects]]
  digest = "1:5c7eddc7cb22575b70eaa0f70bb91ea1d64ac4a36270248aaaba5059138afe99"
  name = "github.com/jmespath/go-jmespath"
  packages = ["."]
  pruneopts = "NT"
  revision = "0b12d6b5"

[[projects]]
  branch = "master"
  digest = "1:5742cfe585a74bccb00c5c79d54aeb1cd386336a9d18b679a45d6c0786a6a67b"
  name = "github.com/jmoiron/sqlx"
  packages = [
    ".",
    "reflectx",
  ]
  pruneopts = "NT"
  revision = "99f3ad6d85ae53d0fecf788ab62d0e9734b3c117"

[[projects]]
  branch = "master"
  digest = "1:806b8d29f9af0fdc9ce7c96c91c700b8010f5fad4360761be73dba279bdcf7c8"
  name = "github.com/lann/builder"
  packages = ["."]
  pruneopts = "NT"
  revision = "f22ce00fd9394014049dad11c244859432bd6820"

[[projects]]
  branch = "master"
  digest = "1:1a5446024e4eb6d3a2edba01be7f0d360023d4c84efb9e0be1a73de1d1c840c5"
  name = "github.com/lann/ps"
  packages = ["."]
  pruneopts = "NT"
  revision = "62de8c46ede02a7675c4c79c84883eb164cb71e3"

[[projects]]
  digest = "1:2d3b918a38b7a2daf5a9209043b422c8f97803e5d5ea6f8a9d41fd3045ef38db"
  name = "github.com/lann/squirrel"
  packages = ["."]
  pruneopts = "NT"
  revision = "a6b93000bd219143c56c16e6cb1c4b91da3f224b"
  version = "v1.0"

[[projects]]
  branch = "master"
  digest = "1:331f5a668f5e6e441df4ad896199f9fc3b6b09d0d6c6f3f0cace71a196187d2f"
  name = "github.com/lib/pq"
  packages = [
    ".",
    "oid",
  ]
  pruneopts = "NT"
  revision = "83612a56d3dd153a94a629cd64925371c9adad78"

[[projects]]
  digest = "1:a8aa3acfa5958669658b71c9d21569d58b01edcfa3ff8f3ed317a661a10cd068"
  name = "github.com/magiconair/properties"
  packages = [
    ".",
    "assert",
  ]
  pruneopts = "NT"
  revision = "be5ece7dd465ab0765a9682137865547526d1dfb"
  version = "v1.7.3"

[[projects]]
  branch = "master"
  digest = "1:96bf0c7700fbee863f5e3cba1a02cb256ac96b9ba49594240280a23ef6beba7e"
  name = "github.com/minio/go-homedir"
  packages = ["."]
  pruneopts = "NT"
  revision = "4d76aabb80b22bad8695d3904e943f1fb5e6199f"

[[projects]]
  digest = "1:c9425c15cad8fffe7bc7e0a7b51d47da626b5f493d6d938486977dfd80a7c7ba"
  name = "github.com/minio/minio-go"
  packages = [
    ".",
    "pkg/credentials",
    "pkg/encrypt",
    "pkg/policy",
    "pkg/s3signer",
    "pkg/s3utils",
    "pkg/set",
  ]
  pruneopts = "NT"
  revision = "4e0f567303d4cc90ceb055a451959fb9fc391fb9"
  version = "3.0.3"

[[projects]]
  branch = "master"
  digest = "1:8108ffa4a49c79e05952f1a9f5bd410a3d15b30b282a30f6cca73085cc133640"
  name = "github.com/mitchellh/mapstructure"
  packages = ["."]
  pruneopts = "NT"
  revision = "06020f85339e21b2478f756a78e295255ffa4d6a"

[[projects]]
  digest = "1:6d68db4304cb362f41dbb982c704da5a7c59364c2f83ab2c03c54e1926fe6ada"
  name = "github.com/mssola/user_agent"
  packages = ["."]
  pruneopts = "NT"
  revision = "85b2f5798558a46fc23443c596e781712f4b7792"
  version = "v0.4.1"

[[projects]]
  branch = "master"
  digest = "1:84d21a2a5837db45c1033a36a33938262ba312d815a1f56305136b4df03ce363"
  name = "github.com/nullstyle/go-xdr"
  packages = ["xdr3"]
  pruneopts = "NT"
  revision = "a875e7c9fa2388ce03279f6b5ba1c2ccd1f9e917"

[[projects]]
  digest = "1:2d5cd1e32189ae4366eff373f2b2345c9072c236bd9e29d9ee2ce732dd6ee3c5"
  name = "github.com/oklog/ulid"
  packages = ["."]
  pruneopts = "NT"
  revision = "d311cb43c92434ec4072dfbbda3400741d0a6337"
  version = "v0.3.0"

[[projects]]
  digest = "1:748946761cf99c8b73cef5a3c0ee3e040859dd713a20cece0d0e0dc04e6ceca7"
  name = "github.com/patrickmn/go-cache"
  packages = ["."]
  pruneopts = "NT"
  revision = "a3647f8e31d79543b2d0f0ae2fe5c379d72cedc0"
  version = "v2.1.0"

[[projects]]
  digest = "1:b269ed3cdbae83eb17540cf3a9f0b9add09a9d1d70989b72e1046af9b28c8c53"
  name = "github.com/pelletier/go-toml"
  packages = ["."]
  pruneopts = "NT"
  revision = "16398bac157da96aa88f98a2df640c7f32af1da2"
  version = "v1.0.1"

[[projects]]
  digest = "1:5cf3f025cbee5951a4ee961de067c8a89fc95a5adabead774f82822efabab121"
  name = "github.com/pkg/errors"
  packages = ["."]
  pruneopts = "NT"
  revision = "645ef00459ed84a119197bfb8d8205042c6df63d"
  version = "v0.8.0"

[[projects]]
  digest = "1:0028cb19b2e4c3112225cd871870f2d9cf49b9b4276531f03438a88e94be86fe"
  name = "github.com/pmezard/go-difflib"
  packages = ["difflib"]
  pruneopts = "NT"
  revision = "792786c7400a136282c1664665ae0a8db921c6c2"
  version = "v1.0.0"

[[projects]]
  digest = "1:8262d238f65c0f3c11e85ea81c52aa50260462a9cc739272fe489088513ae564"
  name = "github.com/pquerna/otp"
  packages = [
    ".",
    "hotp",
    "totp",
  ]
  pruneopts = "NT"
  revision = "b7b89250c468c06871d3837bee02e2d5c155ae19"
  version = "v1.0.0"

[[projects]]
  branch = "master"
  digest = "1:7a466071676241d58c34ffc660fd4f9dc53f1067ad9a4a93b08f08333d3891c0"
  name = "github.com/rubenv/sql-migrate"
  packages = [
    ".",
    "sqlparse",
  ]
  pruneopts = "NT"
  revision = "6edbfbd6a369ee82463312ec67b2c92f97a1d4dc"

[[projects]]
  digest = "1:fd2a591d61e972de0bcc740f12db3c3bee9b0d2e5552913c7ffbb50626197399"
  name = "github.com/sirupsen/logrus"
  packages = [
    ".",
    "hooks/test",
  ]
  pruneopts = "NT"
  revision = "f006c2ac4710855cf0f916dd6b77acf6b048dc6e"
  version = "v1.0.3"

[[projects]]
  digest = "1:d909215af3779d49fdeb9148c790b22acf4512bece7914c25108ed74ce085159"
  name = "github.com/spf13/afero"
  packages = [
    ".",
    "mem",
  ]
  pruneopts = "NT"
  revision = "8d919cbe7e2627e417f3e45c3c0e489a5b7e2536"
  version = "v1.0.0"

[[projects]]
  digest = "1:2139901f05c6c9b5d9e5a61d473b9253fff1820562136b0adb802bfee2e0a462"
  name = "github.com/spf13/cast"
  packages = ["."]
  pruneopts = "NT"
  revision = "acbeb36b902d72a7a4c18e8f3241075e7ab763e4"
  version = "v1.1.0"

[[projects]]
  digest = "1:c94c1d70cbc11770d47fb894e82c5a3967330fdb95b7304040ad006af81fdcda"
  name = "github.com/spf13/cobra"
  packages = ["."]
  pruneopts = "NT"
  revision = "7b2c5ac9fc04fc5efafb60700713d4fa609b777b"
  version = "v0.0.1"

[[projects]]
  branch = "master"
  digest = "1:f29f83301ed096daed24a90f4af591b7560cb14b9cc3e1827abbf04db7269ab5"
  name = "github.com/spf13/jwalterweatherman"
  packages = ["."]
  pruneopts = "NT"
  revision = "12bd96e66386c1960ab0f74ced1362f66f552f7b"

[[projects]]
  digest = "1:3ab855aa584d08db6541ce99dad60c12bd6a328ecb8a7358363887f85c976347"
  name = "github.com/spf13/pflag"
  packages = ["."]
  pruneopts = "NT"
  revision = "e57e3eeb33f795204c1ca35f56c44f83227c6e66"
  version = "v1.0.0"

[[projects]]
  digest = "1:fc00ad2b95f97212fcf9eec7fda7547d0955374b037ee9cc21360df7963db27c"
  name = "github.com/spf13/viper"
  packages = ["."]
  pruneopts = "NT"
  revision = "25b30aa063fc18e48662b86996252eabdcf2f0c7"
  version = "v1.0.0"

[[projects]]
  branch = "master"
  digest = "1:1ce967a1d67f6019f2d8e68a594093de90f17c2c478fe97ab1891b9812cee02f"
  name = "github.com/stretchr/objx"
  packages = ["."]
  pruneopts = "NT"
  revision = "1a9d0bb9f541897e62256577b352fdbc1fb4fd94"

[[projects]]
  digest = "1:e4ed42d978f912af592a0586c4672157c869b542417db7d2b93d5c2b68ee6d2e"
  name = "github.com/stretchr/testify"
  packages = [
    "assert",
    "mock",
  ]
  pruneopts = "NT"
  revision = "69483b4bd14f5845b5a1e55bca19e954e827f1d0"
  version = "v1.1.4"

[[projects]]
  digest = "1:ba4c586768fd758beb9fd6ffc084bf7a8c857994d9338855116ee389905cd603"
  name = "gitlab.com/distributed_lab/ape"
  packages = [
    ".",
    "apeutil",
    "problems",
  ]
  pruneopts = "NT"
  revision = "49ef1814b0c696c2ddf55560a7cb12a8b0164e77"
  version = "v0.3"

[[projects]]
  branch = "master"
  digest = "1:ee032836b27ee4b8e771aa3fda686d92d5b915ba80944a45de0d42d98f9ee397"
  name = "gitlab.com/distributed_lab/figure"
  packages = ["."]
  pruneopts = "NT"
  revision = "21ba3b8f508e2638402bf83aa62eff1a86d61020"

[[projects]]
  digest = "1:5346202306b0a384d524578e8817b4f9ccd43d6811acd571adbb82c5595561bf"
  name = "gitlab.com/distributed_lab/logan"
  packages = [
    ".",
    "v3",
    "v3/errors",
    "v3/fields",
  ]
  pruneopts = "NT"
  revision = "0c279a3a45143457b569e979e395481778e1ba42"
  version = "v3.5.0"

[[projects]]
  branch = "master"
  digest = "1:dd423878bf3766b2b4732c7587b7b4cb72fa6478a437d3d49f0bb82a33d53b8f"
  name = "gitlab.com/distributed_lab/notificator"
  packages = ["."]
  pruneopts = "NT"
  revision = "939a613db2add16474a15d5058867fdb7252f1df"

[[projects]]
  digest = "1:c9e9f7cda49e02161abdca769a31e9237165e5779ed881d4af9eeb5aa540dafe"
  name = "gitlab.com/distributed_lab/running"
  packages = ["."]
  pruneopts = "NT"
  revision = "023b9c716a08001f0464f43cf1d85dffb209273c"
  version = "v1"

[[projects]]
  branch = "master"
  digest = "1:dbbede11b564484650a3784255e6c7a6517a966a0c8e69f01a62bc3227004bd2"
  name = "gitlab.com/tokend/go"
  packages = [
    "amount",
    "crc16",
    "doorman",
    "doorman/data",
    "hash",
    "keypair",
    "network",
    "resources",
    "signcontrol",
    "signcontrol/internal/httpsignatures",
    "strkey",
    "support/log",
    "xdr",
    "xdrbuild",
    "xdrbuild/internal",
  ]
  pruneopts = "NT"
  revision = "7467cd1316e2e022322ef9b64383aef3b56194b3"

[[projects]]
  branch = "master"
  digest = "1:c1f10a06b9535d78dd39f947a42547e140e5c158503e00204296eacee6e2b8aa"
  name = "gitlab.com/tokend/horizon-connector"
  packages = [
    ".",
    "internal",
    "internal/account",
    "internal/asset",
    "internal/balance",
    "internal/blob",
    "internal/document",
    "internal/errors",
    "internal/listener",
    "internal/operation",
    "internal/resources",
    "internal/resources/operations",
    "internal/responses",
    "internal/sale",
    "internal/system",
    "internal/templates",
    "internal/transaction",
    "internal/transactionv2",
    "internal/user",
    "internal/wallets",
    "types",
  ]
  pruneopts = "NT"
  revision = "8c7c74bcf4eec7d30585e7bad4c963e660f25151"

[[projects]]
  branch = "master"
  digest = "1:62326985d03d7140942609a622e56b298383ece4bf090de652451f3d4e587501"
  name = "gitlab.com/tokend/keypair"
  packages = [
    ".",
    "internal",
    "internal/crc16",
    "internal/strkey",
  ]
  pruneopts = "NT"
  revision = "c148f15306edac6a1ad994d8b218e8ae61a0b2c1"

[[projects]]
  branch = "master"
  digest = "1:58bf3684270f4adb883723f62ea4604257d6b9af847df4721bd5adc9a0b91484"
  name = "gitlab.com/tokend/regources"
  packages = ["."]
  pruneopts = "NT"
  revision = "f597b01ef45ccc3398ea70a196597cfc9ef75766"

[[projects]]
  branch = "master"
  digest = "1:739d957d4737756863707bc25a71579a7354081698fe3eb12be6a63be4afe15e"
  name = "golang.org/x/crypto"
  packages = [
    "ed25519",
    "ed25519/internal/edwards25519",
    "ssh/terminal",
  ]
  pruneopts = "NT"
  revision = "94eea52f7b742c7cbe0b03b22f0c4c8631ece122"

[[projects]]
  branch = "master"
  digest = "1:f75e07b041662f4f5991a8868e2739681a10edc300b6de30829d1b61f91ae375"
  name = "golang.org/x/net"
  packages = [
    "context",
    "http2",
    "http2/hpack",
    "idna",
    "lex/httplex",
  ]
  pruneopts = "NT"
  revision = "a8b9294777976932365dabb6640cf1468d95c70f"

[[projects]]
  branch = "master"
  digest = "1:589dbb28736dc2dc4ba718608fa7cff14fbe356a43cf34807e5863a50f010b6d"
  name = "golang.org/x/sys"
  packages = [
    "unix",
    "windows",
  ]
  pruneopts = "NT"
  revision = "8b4580aae2a0dd0c231a45d3ccb8434ff533b840"

[[projects]]
  branch = "master"
  digest = "1:79f89ea19db6f32dfce866f457fe13c71f9bc104c130858ae6a85fae5ec1a197"
  name = "golang.org/x/text"
  packages = [
    "collate",
    "collate/build",
    "internal/colltab",
    "internal/gen",
    "internal/tag",
    "internal/triegen",
    "internal/ucd",
    "language",
    "secure/bidirule",
    "transform",
    "unicode/bidi",
    "unicode/cldr",
    "unicode/norm",
    "unicode/rangetable",
  ]
  pruneopts = "NT"
  revision = "556d234e9c5239918de4d1fe247d1fe004e71764"

[[projects]]
  digest = "1:05eff2c4f2ce868b5c9ced8b96607201155a812920eac4d30a85b6b9b72338ce"
  name = "gopkg.in/gorp.v1"
  packages = ["."]
  pruneopts = "NT"
  revision = "c87af80f3cc5036b55b83d77171e156791085e2e"
  version = "v1.7.1"

[[projects]]
  digest = "1:0aae5b4e9aeb33a4f31b61ab1e7fb2d8af248991801a39db9d28d4a008e4cb28"
  name = "gopkg.in/tylerb/graceful.v1"
  packages = ["."]
  pruneopts = "NT"
  revision = "4654dfbb6ad53cb5e27f37d99b02e16c1872fbbb"
  version = "v1.2.15"

[[projects]]
  branch = "v2"
  digest = "1:8c53ce78f10de538c37a5fb33148f81ce068a0b25bec08d8521212e0c0b5f7bd"
  name = "gopkg.in/yaml.v2"
  packages = ["."]
  pruneopts = "NT"
  revision = "287cf08546ab5e7e37d55a84f7ed3fd1db036de5"

[solve-meta]
  analyzer-name = "dep"
  analyzer-version = 1
  input-imports = [
    "github.com/asaskevich/govalidator",
    "github.com/aws/aws-sdk-go/aws",
    "github.com/aws/aws-sdk-go/aws/credentials",
    "github.com/aws/aws-sdk-go/aws/session",
    "github.com/aws/aws-sdk-go/service/s3",
    "github.com/dukex/mixpanel",
    "github.com/evalphobia/logrus_sentry",
    "github.com/getsentry/raven-go",
    "github.com/go-chi/chi",
    "github.com/go-chi/chi/middleware",
    "github.com/go-errors/errors",
    "github.com/go-ozzo/ozzo-validation",
    "github.com/go-ozzo/ozzo-validation/is",
    "github.com/google/jsonapi",
    "github.com/guregu/null",
    "github.com/jmoiron/sqlx",
    "github.com/lann/squirrel",
    "github.com/lib/pq",
    "github.com/magiconair/properties/assert",
    "github.com/minio/minio-go",
    "github.com/mitchellh/mapstructure",
    "github.com/mssola/user_agent",
    "github.com/oklog/ulid",
    "github.com/patrickmn/go-cache",
    "github.com/pkg/errors",
    "github.com/pquerna/otp",
    "github.com/pquerna/otp/totp",
    "github.com/rubenv/sql-migrate",
    "github.com/sirupsen/logrus",
    "github.com/spf13/cast",
    "github.com/spf13/cobra",
    "github.com/spf13/viper",
    "github.com/stretchr/testify/assert",
    "github.com/stretchr/testify/mock",
    "gitlab.com/distributed_lab/ape",
    "gitlab.com/distributed_lab/ape/apeutil",
    "gitlab.com/distributed_lab/ape/problems",
    "gitlab.com/distributed_lab/figure",
    "gitlab.com/distributed_lab/logan",
    "gitlab.com/distributed_lab/logan/v3",
    "gitlab.com/distributed_lab/logan/v3/errors",
    "gitlab.com/distributed_lab/notificator",
    "gitlab.com/distributed_lab/running",
    "gitlab.com/tokend/go/amount",
    "gitlab.com/tokend/go/doorman",
    "gitlab.com/tokend/go/hash",
    "gitlab.com/tokend/go/keypair",
    "gitlab.com/tokend/go/resources",
    "gitlab.com/tokend/go/signcontrol",
    "gitlab.com/tokend/go/strkey",
    "gitlab.com/tokend/go/support/log",
    "gitlab.com/tokend/go/xdr",
    "gitlab.com/tokend/go/xdrbuild",
    "gitlab.com/tokend/horizon-connector",
    "gitlab.com/tokend/keypair",
    "golang.org/x/net/context",
    "golang.org/x/net/http2",
    "gopkg.in/tylerb/graceful.v1",
  ]
  solver-name = "gps-cdcl"
  solver-version = 1
